
Microsoft Visual Studio Solution File, Format Version 11.00
# Visual Studio 2010
Project("{FAE04EC0-301F-11D3-BF4B-00C04F79EFBC}") = "MultipleClipboards", "MultipleClipboards\MultipleClipboards.csproj", "{B77D6BB5-59BE-4AEE-B557-7FE6196A6856}"
EndProject
Project("{54435603-DBB4-11D2-8724-00A0C9A8B90C}") = "Installer", "Installer\Installer.vdproj", "{6F349DA3-2A70-4D32-A07F-2314AC095BD3}"
EndProject
Project("{2150E333-8FDC-42A3-9474-1A3956D46DE8}") = "Solution Items", "Solution Items", "{C7866B68-0C56-4AC2-B666-4EE06F74A5FA}"
	ProjectSection(SolutionItems) = preProject
		GlobalAssemblyInfo.cs = GlobalAssemblyInfo.cs
	EndProjectSection
EndProject
Project("{FAE04EC0-301F-11D3-BF4B-00C04F79EFBC}") = "MultipleClipboards.GlobalResources", "MultipleClipboards.GlobalResources\MultipleClipboards.GlobalResources.csproj", "{1309D2C2-9634-40F6-9533-14F26EE99DED}"
EndProject
Project("{FAE04EC0-301F-11D3-BF4B-00C04F79EFBC}") = "MultipleClipboards.CustomInstallerActions", "MultipleClipboards.CustomInstallerActions\MultipleClipboards.CustomInstallerActions.csproj", "{C3609444-FA29-4C50-B58D-2FECBFCD765F}"
EndProject
Global
	GlobalSection(SolutionConfigurationPlatforms) = preSolution
		Debug|Mixed Platforms = Debug|Mixed Platforms
		Debug|x86 = Debug|x86
		Release|Mixed Platforms = Release|Mixed Platforms
		Release|x86 = Release|x86
	EndGlobalSection
	GlobalSection(ProjectConfigurationPlatforms) = postSolution
		{B77D6BB5-59BE-4AEE-B557-7FE6196A6856}.Debug|Mixed Platforms.ActiveCfg = Debug|Any CPU
		{B77D6BB5-59BE-4AEE-B557-7FE6196A6856}.Debug|Mixed Platforms.Build.0 = Debug|Any CPU
		{B77D6BB5-59BE-4AEE-B557-7FE6196A6856}.Debug|x86.ActiveCfg = Debug|x86
		{B77D6BB5-59BE-4AEE-B557-7FE6196A6856}.Debug|x86.Build.0 = Debug|x86
		{B77D6BB5-59BE-4AEE-B557-7FE6196A6856}.Release|Mixed Platforms.ActiveCfg = Release|Any CPU
		{B77D6BB5-59BE-4AEE-B557-7FE6196A6856}.Release|Mixed Platforms.Build.0 = Release|Any CPU
		{B77D6BB5-59BE-4AEE-B557-7FE6196A6856}.Release|x86.ActiveCfg = Release|x86
		{B77D6BB5-59BE-4AEE-B557-7FE6196A6856}.Release|x86.Build.0 = Release|x86
		{6F349DA3-2A70-4D32-A07F-2314AC095BD3}.Debug|Mixed Platforms.ActiveCfg = Debug
		{6F349DA3-2A70-4D32-A07F-2314AC095BD3}.Debug|x86.ActiveCfg = Debug
		{6F349DA3-2A70-4D32-A07F-2314AC095BD3}.Release|Mixed Platforms.ActiveCfg = Release
		{6F349DA3-2A70-4D32-A07F-2314AC095BD3}.Release|x86.ActiveCfg = Release
		{1309D2C2-9634-40F6-9533-14F26EE99DED}.Debug|Mixed Platforms.ActiveCfg = Debug|Any CPU
		{1309D2C2-9634-40F6-9533-14F26EE99DED}.Debug|Mixed Platforms.Build.0 = Debug|Any CPU
		{1309D2C2-9634-40F6-9533-14F26EE99DED}.Debug|x86.ActiveCfg = Debug|Any CPU
		{1309D2C2-9634-40F6-9533-14F26EE99DED}.Release|Mixed Platforms.ActiveCfg = Release|Any CPU
		{1309D2C2-9634-40F6-9533-14F26EE99DED}.Release|Mixed Platforms.Build.0 = Release|Any CPU
		{1309D2C2-9634-40F6-9533-14F26EE99DED}.Release|x86.ActiveCfg = Release|Any CPU
		{C3609444-FA29-4C50-B58D-2FECBFCD765F}.Debug|Mixed Platforms.ActiveCfg = Debug|Any CPU
		{C3609444-FA29-4C50-B58D-2FECBFCD765F}.Debug|Mixed Platforms.Build.0 = Debug|Any CPU
		{C3609444-FA29-4C50-B58D-2FECBFCD765F}.Debug|x86.ActiveCfg = Debug|Any CPU
		{C3609444-FA29-4C50-B58D-2FECBFCD765F}.Release|Mixed Platforms.ActiveCfg = Release|Any CPU
		{C3609444-FA29-4C50-B58D-2FECBFCD765F}.Release|Mixed Platforms.Build.0 = Release|Any CPU
		{C3609444-FA29-4C50-B58D-2FECBFCD765F}.Release|x86.ActiveCfg = Release|Any CPU
	EndGlobalSection
	GlobalSection(SolutionProperties) = preSolution
		HideSolutionNode = FALSE
	EndGlobalSection
EndGlobal
